
Microsoft Visual Studio Solution File, Format Version 12.00
# Visual Studio Version 16
VisualStudioVersion = 16.0.30114.105
MinimumVisualStudioVersion = 10.0.40219.1
Project("{FAE04EC0-301F-11D3-BF4B-00C04F79EFBC}") = "GameModels", "GameModels\GameModels.csproj", "{3C798AF1-F50E-47E5-9F7C-3134EE1E21DB}"
EndProject
Project("{FAE04EC0-301F-11D3-BF4B-00C04F79EFBC}") = "GameUI", "GameUI\GameUI.csproj", "{7ABEC97D-9D7C-4F47-B486-C443C5297425}"
EndProject
Project("{FAE04EC0-301F-11D3-BF4B-00C04F79EFBC}") = "GameScripts", "GameScripts\GameScripts.csproj", "{F4D4E462-21C3-4745-AC17-EE3A3978E751}"
EndProject
Global
	GlobalSection(SolutionConfigurationPlatforms) = preSolution
		Debug|Any CPU = Debug|Any CPU
		Release|Any CPU = Release|Any CPU
	EndGlobalSection
	GlobalSection(SolutionProperties) = preSolution
		HideSolutionNode = FALSE
	EndGlobalSection
	GlobalSection(ProjectConfigurationPlatforms) = postSolution
		{3C798AF1-F50E-47E5-9F7C-3134EE1E21DB}.Debug|Any CPU.ActiveCfg = Debug|Any CPU
		{3C798AF1-F50E-47E5-9F7C-3134EE1E21DB}.Debug|Any CPU.Build.0 = Debug|Any CPU
		{3C798AF1-F50E-47E5-9F7C-3134EE1E21DB}.Release|Any CPU.ActiveCfg = Release|Any CPU
		{3C798AF1-F50E-47E5-9F7C-3134EE1E21DB}.Release|Any CPU.Build.0 = Release|Any CPU
		{7ABEC97D-9D7C-4F47-B486-C443C5297425}.Debug|Any CPU.ActiveCfg = Debug|Any CPU
		{7ABEC97D-9D7C-4F47-B486-C443C5297425}.Debug|Any CPU.Build.0 = Debug|Any CPU
		{7ABEC97D-9D7C-4F47-B486-C443C5297425}.Release|Any CPU.ActiveCfg = Release|Any CPU
		{7ABEC97D-9D7C-4F47-B486-C443C5297425}.Release|Any CPU.Build.0 = Release|Any CPU
		{F4D4E462-21C3-4745-AC17-EE3A3978E751}.Debug|Any CPU.ActiveCfg = Debug|Any CPU
		{F4D4E462-21C3-4745-AC17-EE3A3978E751}.Debug|Any CPU.Build.0 = Debug|Any CPU
		{F4D4E462-21C3-4745-AC17-EE3A3978E751}.Release|Any CPU.ActiveCfg = Release|Any CPU
		{F4D4E462-21C3-4745-AC17-EE3A3978E751}.Release|Any CPU.Build.0 = Release|Any CPU
	EndGlobalSection
EndGlobal
