
Microsoft Visual Studio Solution File, Format Version 12.00
# Visual Studio Version 17
VisualStudioVersion = 17.3.32901.215
MinimumVisualStudioVersion = 10.0.40219.1
Project("{54A90642-561A-4BB1-A94E-469ADEE60C69}") = "Coding-RPG-Front-End", "Coding-RPG-Front-End\Coding-RPG-Front-End.esproj", "{3B2E4E3D-1174-4FB3-8B92-A5DDFBF5BD7E}"
EndProject
Project("{FAE04EC0-301F-11D3-BF4B-00C04F79EFBC}") = "Coding-RPG-Back-End", "Coding-RPG-Back-End\Coding-RPG-Back-End.csproj", "{E647A8DB-89A7-4587-8FF6-446CD4C74062}"
EndProject
Global
	GlobalSection(SolutionConfigurationPlatforms) = preSolution
		Debug|Any CPU = Debug|Any CPU
		Release|Any CPU = Release|Any CPU
	EndGlobalSection
	GlobalSection(ProjectConfigurationPlatforms) = postSolution
		{3B2E4E3D-1174-4FB3-8B92-A5DDFBF5BD7E}.Debug|Any CPU.ActiveCfg = Debug|Any CPU
		{3B2E4E3D-1174-4FB3-8B92-A5DDFBF5BD7E}.Debug|Any CPU.Build.0 = Debug|Any CPU
		{3B2E4E3D-1174-4FB3-8B92-A5DDFBF5BD7E}.Debug|Any CPU.Deploy.0 = Debug|Any CPU
		{3B2E4E3D-1174-4FB3-8B92-A5DDFBF5BD7E}.Release|Any CPU.ActiveCfg = Release|Any CPU
		{3B2E4E3D-1174-4FB3-8B92-A5DDFBF5BD7E}.Release|Any CPU.Build.0 = Release|Any CPU
		{3B2E4E3D-1174-4FB3-8B92-A5DDFBF5BD7E}.Release|Any CPU.Deploy.0 = Release|Any CPU
		{E647A8DB-89A7-4587-8FF6-446CD4C74062}.Debug|Any CPU.ActiveCfg = Debug|Any CPU
		{E647A8DB-89A7-4587-8FF6-446CD4C74062}.Debug|Any CPU.Build.0 = Debug|Any CPU
		{E647A8DB-89A7-4587-8FF6-446CD4C74062}.Release|Any CPU.ActiveCfg = Release|Any CPU
		{E647A8DB-89A7-4587-8FF6-446CD4C74062}.Release|Any CPU.Build.0 = Release|Any CPU
	EndGlobalSection
	GlobalSection(SolutionProperties) = preSolution
		HideSolutionNode = FALSE
	EndGlobalSection
	GlobalSection(ExtensibilityGlobals) = postSolution
		SolutionGuid = {8EB6A59B-0EA7-4DAC-9CC4-E3015CB1CD3F}
	EndGlobalSection
EndGlobal
